// !$*UTF8*$!
{
	archiveVersion = 1;
	classes = {
	};
	objectVersion = 50;
	objects = {

/* Begin PBXBuildFile section */
		5A25E44522FCA4F600AD2CE8 /* AppDelegate.swift in Sources */ = {isa = PBXBuildFile; fileRef = 5A25E44422FCA4F600AD2CE8 /* AppDelegate.swift */; };
		5A25E44722FCA4F600AD2CE8 /* ViewController.swift in Sources */ = {isa = PBXBuildFile; fileRef = 5A25E44622FCA4F600AD2CE8 /* ViewController.swift */; };
		5A25E44922FCA4F700AD2CE8 /* Assets.xcassets in Resources */ = {isa = PBXBuildFile; fileRef = 5A25E44822FCA4F700AD2CE8 /* Assets.xcassets */; };
		5A25E44C22FCA4F700AD2CE8 /* Main.storyboard in Resources */ = {isa = PBXBuildFile; fileRef = 5A25E44A22FCA4F700AD2CE8 /* Main.storyboard */; };
		5A25E46522FCA61E00AD2CE8 /* wordlist.txt in Resources */ = {isa = PBXBuildFile; fileRef = 5A25E46422FCA61E00AD2CE8 /* wordlist.txt */; };
		5A465096231A5DA800D81111 /* DestructuredWord.swift in Sources */ = {isa = PBXBuildFile; fileRef = 5A465095231A5DA800D81111 /* DestructuredWord.swift */; };
		5A46509A231ADB5600D81111 /* WordLookup.swift in Sources */ = {isa = PBXBuildFile; fileRef = 5A465099231ADB5600D81111 /* WordLookup.swift */; };
		5A69E9C9231848220054CB90 /* MD5Extension.swift in Sources */ = {isa = PBXBuildFile; fileRef = 5A69E9C8231848220054CB90 /* MD5Extension.swift */; };
		5A7B50BE231BDAAC00510AA5 /* FactorialExtension.swift in Sources */ = {isa = PBXBuildFile; fileRef = 5A7B50BD231BDAAC00510AA5 /* FactorialExtension.swift */; };
		5AB9127F23159F860041EAF1 /* WordLoader.swift in Sources */ = {isa = PBXBuildFile; fileRef = 5AB9127E23159F860041EAF1 /* WordLoader.swift */; };
		5AB912832315B22D0041EAF1 /* CombinationFinder.swift in Sources */ = {isa = PBXBuildFile; fileRef = 5AB912822315B22D0041EAF1 /* CombinationFinder.swift */; };
		5AB912852315B3D90041EAF1 /* CombinationTester.swift in Sources */ = {isa = PBXBuildFile; fileRef = 5AB912842315B3D90041EAF1 /* CombinationTester.swift */; };
		5AB912872315B8B60041EAF1 /* CharacterLookup.swift in Sources */ = {isa = PBXBuildFile; fileRef = 5AB912862315B8B60041EAF1 /* CharacterLookup.swift */; };
		5AC052F423170C5900133808 /* AlgorithmRunner.swift in Sources */ = {isa = PBXBuildFile; fileRef = 5AC052F323170C5900133808 /* AlgorithmRunner.swift */; };
		5AFC6910232C1EA50056212B /* Hasher.py in Resources */ = {isa = PBXBuildFile; fileRef = 5AFC690F232C1EA50056212B /* Hasher.py */; };
/* End PBXBuildFile section */

/* Begin PBXContainerItemProxy section */
		5A25E45422FCA4F800AD2CE8 /* PBXContainerItemProxy */ = {
			isa = PBXContainerItemProxy;
			containerPortal = 5A25E43922FCA4F600AD2CE8 /* Project object */;
			proxyType = 1;
			remoteGlobalIDString = 5A25E44022FCA4F600AD2CE8;
			remoteInfo = AnaFinder;
		};
/* End PBXContainerItemProxy section */

/* Begin PBXFileReference section */
		5A25E44122FCA4F600AD2CE8 /* AnaFinder.app */ = {isa = PBXFileReference; explicitFileType = wrapper.application; includeInIndex = 0; path = AnaFinder.app; sourceTree = BUILT_PRODUCTS_DIR; };
		5A25E44422FCA4F600AD2CE8 /* AppDelegate.swift */ = {isa = PBXFileReference; lastKnownFileType = sourcecode.swift; path = AppDelegate.swift; sourceTree = "<group>"; };
		5A25E44622FCA4F600AD2CE8 /* ViewController.swift */ = {isa = PBXFileReference; lastKnownFileType = sourcecode.swift; path = ViewController.swift; sourceTree = "<group>"; };
		5A25E44822FCA4F700AD2CE8 /* Assets.xcassets */ = {isa = PBXFileReference; lastKnownFileType = folder.assetcatalog; path = Assets.xcassets; sourceTree = "<group>"; };
		5A25E44B22FCA4F700AD2CE8 /* Base */ = {isa = PBXFileReference; lastKnownFileType = file.storyboard; name = Base; path = Base.lproj/Main.storyboard; sourceTree = "<group>"; };
		5A25E44D22FCA4F700AD2CE8 /* Info.plist */ = {isa = PBXFileReference; lastKnownFileType = text.plist.xml; path = Info.plist; sourceTree = "<group>"; };
		5A25E44E22FCA4F700AD2CE8 /* AnaFinder.entitlements */ = {isa = PBXFileReference; lastKnownFileType = text.plist.entitlements; path = AnaFinder.entitlements; sourceTree = "<group>"; };
		5A25E45322FCA4F800AD2CE8 /* AnaFinderTests.xctest */ = {isa = PBXFileReference; explicitFileType = wrapper.cfbundle; includeInIndex = 0; path = AnaFinderTests.xctest; sourceTree = BUILT_PRODUCTS_DIR; };
		5A25E45922FCA4F800AD2CE8 /* Info.plist */ = {isa = PBXFileReference; lastKnownFileType = text.plist.xml; path = Info.plist; sourceTree = "<group>"; };
		5A25E46422FCA61E00AD2CE8 /* wordlist.txt */ = {isa = PBXFileReference; fileEncoding = 4; lastKnownFileType = text; path = wordlist.txt; sourceTree = "<group>"; };
		5A465095231A5DA800D81111 /* DestructuredWord.swift */ = {isa = PBXFileReference; lastKnownFileType = sourcecode.swift; path = DestructuredWord.swift; sourceTree = "<group>"; };
		5A465099231ADB5600D81111 /* WordLookup.swift */ = {isa = PBXFileReference; lastKnownFileType = sourcecode.swift; path = WordLookup.swift; sourceTree = "<group>"; };
		5A69E9C8231848220054CB90 /* MD5Extension.swift */ = {isa = PBXFileReference; lastKnownFileType = sourcecode.swift; path = MD5Extension.swift; sourceTree = "<group>"; };
		5A7B50BD231BDAAC00510AA5 /* FactorialExtension.swift */ = {isa = PBXFileReference; lastKnownFileType = sourcecode.swift; path = FactorialExtension.swift; sourceTree = "<group>"; };
		5AB9127E23159F860041EAF1 /* WordLoader.swift */ = {isa = PBXFileReference; lastKnownFileType = sourcecode.swift; path = WordLoader.swift; sourceTree = "<group>"; };
		5AB912822315B22D0041EAF1 /* CombinationFinder.swift */ = {isa = PBXFileReference; lastKnownFileType = sourcecode.swift; path = CombinationFinder.swift; sourceTree = "<group>"; };
		5AB912842315B3D90041EAF1 /* CombinationTester.swift */ = {isa = PBXFileReference; lastKnownFileType = sourcecode.swift; path = CombinationTester.swift; sourceTree = "<group>"; };
		5AB912862315B8B60041EAF1 /* CharacterLookup.swift */ = {isa = PBXFileReference; lastKnownFileType = sourcecode.swift; path = CharacterLookup.swift; sourceTree = "<group>"; };
		5AC052F323170C5900133808 /* AlgorithmRunner.swift */ = {isa = PBXFileReference; lastKnownFileType = sourcecode.swift; path = AlgorithmRunner.swift; sourceTree = "<group>"; };
		5AFC690F232C1EA50056212B /* Hasher.py */ = {isa = PBXFileReference; lastKnownFileType = text.script.python; path = Hasher.py; sourceTree = "<group>"; };
/* End PBXFileReference section */

/* Begin PBXFrameworksBuildPhase section */
		5A25E43E22FCA4F600AD2CE8 /* Frameworks */ = {
			isa = PBXFrameworksBuildPhase;
			buildActionMask = 2147483647;
			files = (
			);
			runOnlyForDeploymentPostprocessing = 0;
		};
		5A25E45022FCA4F700AD2CE8 /* Frameworks */ = {
			isa = PBXFrameworksBuildPhase;
			buildActionMask = 2147483647;
			files = (
			);
			runOnlyForDeploymentPostprocessing = 0;
		};
/* End PBXFrameworksBuildPhase section */

/* Begin PBXGroup section */
		5A25E43822FCA4F600AD2CE8 = {
			isa = PBXGroup;
			children = (
				5A25E44322FCA4F600AD2CE8 /* AnaFinder */,
				5A25E45622FCA4F800AD2CE8 /* AnaFinderTests */,
				5A25E44222FCA4F600AD2CE8 /* Products */,
			);
			sourceTree = "<group>";
		};
		5A25E44222FCA4F600AD2CE8 /* Products */ = {
			isa = PBXGroup;
			children = (
				5A25E44122FCA4F600AD2CE8 /* AnaFinder.app */,
				5A25E45322FCA4F800AD2CE8 /* AnaFinderTests.xctest */,
			);
			name = Products;
			sourceTree = "<group>";
		};
		5A25E44322FCA4F600AD2CE8 /* AnaFinder */ = {
			isa = PBXGroup;
			children = (
				5A25E44422FCA4F600AD2CE8 /* AppDelegate.swift */,
				5A25E44622FCA4F600AD2CE8 /* ViewController.swift */,
				5A465095231A5DA800D81111 /* DestructuredWord.swift */,
				5A25E44822FCA4F700AD2CE8 /* Assets.xcassets */,
				5A25E44A22FCA4F700AD2CE8 /* Main.storyboard */,
				5A25E44D22FCA4F700AD2CE8 /* Info.plist */,
				5A25E44E22FCA4F700AD2CE8 /* AnaFinder.entitlements */,
				5AB9127E23159F860041EAF1 /* WordLoader.swift */,
				5AB912822315B22D0041EAF1 /* CombinationFinder.swift */,
				5A465099231ADB5600D81111 /* WordLookup.swift */,
				5AC052F323170C5900133808 /* AlgorithmRunner.swift */,
				5AB912862315B8B60041EAF1 /* CharacterLookup.swift */,
				5AB912842315B3D90041EAF1 /* CombinationTester.swift */,
				5A69E9C8231848220054CB90 /* MD5Extension.swift */,
				5A7B50BD231BDAAC00510AA5 /* FactorialExtension.swift */,
				5A25E46422FCA61E00AD2CE8 /* wordlist.txt */,
				5AFC690F232C1EA50056212B /* Hasher.py */,
			);
			path = AnaFinder;
			sourceTree = "<group>";
		};
		5A25E45622FCA4F800AD2CE8 /* AnaFinderTests */ = {
			isa = PBXGroup;
			children = (
				5A25E45922FCA4F800AD2CE8 /* Info.plist */,
			);
			path = AnaFinderTests;
			sourceTree = "<group>";
		};
/* End PBXGroup section */

/* Begin PBXNativeTarget section */
		5A25E44022FCA4F600AD2CE8 /* AnaFinder */ = {
			isa = PBXNativeTarget;
			buildConfigurationList = 5A25E45C22FCA4F800AD2CE8 /* Build configuration list for PBXNativeTarget "AnaFinder" */;
			buildPhases = (
				5A25E43D22FCA4F600AD2CE8 /* Sources */,
				5A25E43E22FCA4F600AD2CE8 /* Frameworks */,
				5A25E43F22FCA4F600AD2CE8 /* Resources */,
			);
			buildRules = (
			);
			dependencies = (
			);
			name = AnaFinder;
			productName = AnaFinder;
			productReference = 5A25E44122FCA4F600AD2CE8 /* AnaFinder.app */;
			productType = "com.apple.product-type.application";
		};
		5A25E45222FCA4F700AD2CE8 /* AnaFinderTests */ = {
			isa = PBXNativeTarget;
			buildConfigurationList = 5A25E45F22FCA4F800AD2CE8 /* Build configuration list for PBXNativeTarget "AnaFinderTests" */;
			buildPhases = (
				5A25E44F22FCA4F700AD2CE8 /* Sources */,
				5A25E45022FCA4F700AD2CE8 /* Frameworks */,
				5A25E45122FCA4F700AD2CE8 /* Resources */,
			);
			buildRules = (
			);
			dependencies = (
				5A25E45522FCA4F800AD2CE8 /* PBXTargetDependency */,
			);
			name = AnaFinderTests;
			productName = AnaFinderTests;
			productReference = 5A25E45322FCA4F800AD2CE8 /* AnaFinderTests.xctest */;
			productType = "com.apple.product-type.bundle.unit-test";
		};
/* End PBXNativeTarget section */

/* Begin PBXProject section */
		5A25E43922FCA4F600AD2CE8 /* Project object */ = {
			isa = PBXProject;
			attributes = {
				LastSwiftUpdateCheck = 1030;
				LastUpgradeCheck = 1030;
				ORGANIZATIONNAME = "Morten Albertsen";
				TargetAttributes = {
					5A25E44022FCA4F600AD2CE8 = {
						CreatedOnToolsVersion = 10.3;
					};
					5A25E45222FCA4F700AD2CE8 = {
						CreatedOnToolsVersion = 10.3;
						TestTargetID = 5A25E44022FCA4F600AD2CE8;
					};
				};
			};
			buildConfigurationList = 5A25E43C22FCA4F600AD2CE8 /* Build configuration list for PBXProject "AnaFinder" */;
			compatibilityVersion = "Xcode 9.3";
			developmentRegion = en;
			hasScannedForEncodings = 0;
			knownRegions = (
				en,
				Base,
			);
			mainGroup = 5A25E43822FCA4F600AD2CE8;
			productRefGroup = 5A25E44222FCA4F600AD2CE8 /* Products */;
			projectDirPath = "";
			projectRoot = "";
			targets = (
				5A25E44022FCA4F600AD2CE8 /* AnaFinder */,
				5A25E45222FCA4F700AD2CE8 /* AnaFinderTests */,
			);
		};
/* End PBXProject section */

/* Begin PBXResourcesBuildPhase section */
		5A25E43F22FCA4F600AD2CE8 /* Resources */ = {
			isa = PBXResourcesBuildPhase;
			buildActionMask = 2147483647;
			files = (
				5A25E44922FCA4F700AD2CE8 /* Assets.xcassets in Resources */,
				5AFC6910232C1EA50056212B /* Hasher.py in Resources */,
				5A25E46522FCA61E00AD2CE8 /* wordlist.txt in Resources */,
				5A25E44C22FCA4F700AD2CE8 /* Main.storyboard in Resources */,
			);
			runOnlyForDeploymentPostprocessing = 0;
		};
		5A25E45122FCA4F700AD2CE8 /* Resources */ = {
			isa = PBXResourcesBuildPhase;
			buildActionMask = 2147483647;
			files = (
			);
			runOnlyForDeploymentPostprocessing = 0;
		};
/* End PBXResourcesBuildPhase section */

/* Begin PBXSourcesBuildPhase section */
		5A25E43D22FCA4F600AD2CE8 /* Sources */ = {
			isa = PBXSourcesBuildPhase;
			buildActionMask = 2147483647;
			files = (
				5A46509A231ADB5600D81111 /* WordLookup.swift in Sources */,
				5AB912832315B22D0041EAF1 /* CombinationFinder.swift in Sources */,
				5A69E9C9231848220054CB90 /* MD5Extension.swift in Sources */,
				5A465096231A5DA800D81111 /* DestructuredWord.swift in Sources */,
				5AC052F423170C5900133808 /* AlgorithmRunner.swift in Sources */,
				5AB912852315B3D90041EAF1 /* CombinationTester.swift in Sources */,
				5A25E44722FCA4F600AD2CE8 /* ViewController.swift in Sources */,
				5AB9127F23159F860041EAF1 /* WordLoader.swift in Sources */,
				5A7B50BE231BDAAC00510AA5 /* FactorialExtension.swift in Sources */,
				5A25E44522FCA4F600AD2CE8 /* AppDelegate.swift in Sources */,
				5AB912872315B8B60041EAF1 /* CharacterLookup.swift in Sources */,
			);
			runOnlyForDeploymentPostprocessing = 0;
		};
		5A25E44F22FCA4F700AD2CE8 /* Sources */ = {
			isa = PBXSourcesBuildPhase;
			buildActionMask = 2147483647;
			files = (
			);
			runOnlyForDeploymentPostprocessing = 0;
		};
/* End PBXSourcesBuildPhase section */

/* Begin PBXTargetDependency section */
		5A25E45522FCA4F800AD2CE8 /* PBXTargetDependency */ = {
			isa = PBXTargetDependency;
			target = 5A25E44022FCA4F600AD2CE8 /* AnaFinder */;
			targetProxy = 5A25E45422FCA4F800AD2CE8 /* PBXContainerItemProxy */;
		};
/* End PBXTargetDependency section */

/* Begin PBXVariantGroup section */
		5A25E44A22FCA4F700AD2CE8 /* Main.storyboard */ = {
			isa = PBXVariantGroup;
			children = (
				5A25E44B22FCA4F700AD2CE8 /* Base */,
			);
			name = Main.storyboard;
			sourceTree = "<group>";
		};
/* End PBXVariantGroup section */

/* Begin XCBuildConfiguration section */
		5A25E45A22FCA4F800AD2CE8 /* Debug */ = {
			isa = XCBuildConfiguration;
			buildSettings = {
				ALWAYS_SEARCH_USER_PATHS = NO;
				CLANG_ANALYZER_NONNULL = YES;
				CLANG_ANALYZER_NUMBER_OBJECT_CONVERSION = YES_AGGRESSIVE;
				CLANG_CXX_LANGUAGE_STANDARD = "gnu++14";
				CLANG_CXX_LIBRARY = "libc++";
				CLANG_ENABLE_MODULES = YES;
				CLANG_ENABLE_OBJC_ARC = YES;
				CLANG_ENABLE_OBJC_WEAK = YES;
				CLANG_WARN_BLOCK_CAPTURE_AUTORELEASING = YES;
				CLANG_WARN_BOOL_CONVERSION = YES;
				CLANG_WARN_COMMA = YES;
				CLANG_WARN_CONSTANT_CONVERSION = YES;
				CLANG_WARN_DEPRECATED_OBJC_IMPLEMENTATIONS = YES;
				CLANG_WARN_DIRECT_OBJC_ISA_USAGE = YES_ERROR;
				CLANG_WARN_DOCUMENTATION_COMMENTS = YES;
				CLANG_WARN_EMPTY_BODY = YES;
				CLANG_WARN_ENUM_CONVERSION = YES;
				CLANG_WARN_INFINITE_RECURSION = YES;
				CLANG_WARN_INT_CONVERSION = YES;
				CLANG_WARN_NON_LITERAL_NULL_CONVERSION = YES;
				CLANG_WARN_OBJC_IMPLICIT_RETAIN_SELF = YES;
				CLANG_WARN_OBJC_LITERAL_CONVERSION = YES;
				CLANG_WARN_OBJC_ROOT_CLASS = YES_ERROR;
				CLANG_WARN_RANGE_LOOP_ANALYSIS = YES;
				CLANG_WARN_STRICT_PROTOTYPES = YES;
				CLANG_WARN_SUSPICIOUS_MOVE = YES;
				CLANG_WARN_UNGUARDED_AVAILABILITY = YES_AGGRESSIVE;
				CLANG_WARN_UNREACHABLE_CODE = YES;
				CLANG_WARN__DUPLICATE_METHOD_MATCH = YES;
				CODE_SIGN_IDENTITY = "Mac Developer";
				COPY_PHASE_STRIP = NO;
				DEBUG_INFORMATION_FORMAT = dwarf;
				ENABLE_STRICT_OBJC_MSGSEND = YES;
				ENABLE_TESTABILITY = YES;
				GCC_C_LANGUAGE_STANDARD = gnu11;
				GCC_DYNAMIC_NO_PIC = NO;
				GCC_NO_COMMON_BLOCKS = YES;
				GCC_OPTIMIZATION_LEVEL = 0;
				GCC_PREPROCESSOR_DEFINITIONS = (
					"DEBUG=1",
					"$(inherited)",
				);
				GCC_WARN_64_TO_32_BIT_CONVERSION = YES;
				GCC_WARN_ABOUT_RETURN_TYPE = YES_ERROR;
				GCC_WARN_UNDECLARED_SELECTOR = YES;
				GCC_WARN_UNINITIALIZED_AUTOS = YES_AGGRESSIVE;
				GCC_WARN_UNUSED_FUNCTION = YES;
				GCC_WARN_UNUSED_VARIABLE = YES;
				MACOSX_DEPLOYMENT_TARGET = 10.14;
				MTL_ENABLE_DEBUG_INFO = INCLUDE_SOURCE;
				MTL_FAST_MATH = YES;
				ONLY_ACTIVE_ARCH = YES;
				SDKROOT = macosx;
				SWIFT_ACTIVE_COMPILATION_CONDITIONS = DEBUG;
				SWIFT_OPTIMIZATION_LEVEL = "-Onone";
			};
			name = Debug;
		};
		5A25E45B22FCA4F800AD2CE8 /* Release */ = {
			isa = XCBuildConfiguration;
			buildSettings = {
				ALWAYS_SEARCH_USER_PATHS = NO;
				CLANG_ANALYZER_NONNULL = YES;
				CLANG_ANALYZER_NUMBER_OBJECT_CONVERSION = YES_AGGRESSIVE;
				CLANG_CXX_LANGUAGE_STANDARD = "gnu++14";
				CLANG_CXX_LIBRARY = "libc++";
				CLANG_ENABLE_MODULES = YES;
				CLANG_ENABLE_OBJC_ARC = YES;
				CLANG_ENABLE_OBJC_WEAK = YES;
				CLANG_WARN_BLOCK_CAPTURE_AUTORELEASING = YES;
				CLANG_WARN_BOOL_CONVERSION = YES;
				CLANG_WARN_COMMA = YES;
				CLANG_WARN_CONSTANT_CONVERSION = YES;
				CLANG_WARN_DEPRECATED_OBJC_IMPLEMENTATIONS = YES;
				CLANG_WARN_DIRECT_OBJC_ISA_USAGE = YES_ERROR;
				CLANG_WARN_DOCUMENTATION_COMMENTS = YES;
				CLANG_WARN_EMPTY_BODY = YES;
				CLANG_WARN_ENUM_CONVERSION = YES;
				CLANG_WARN_INFINITE_RECURSION = YES;
				CLANG_WARN_INT_CONVERSION = YES;
				CLANG_WARN_NON_LITERAL_NULL_CONVERSION = YES;
				CLANG_WARN_OBJC_IMPLICIT_RETAIN_SELF = YES;
				CLANG_WARN_OBJC_LITERAL_CONVERSION = YES;
				CLANG_WARN_OBJC_ROOT_CLASS = YES_ERROR;
				CLANG_WARN_RANGE_LOOP_ANALYSIS = YES;
				CLANG_WARN_STRICT_PROTOTYPES = YES;
				CLANG_WARN_SUSPICIOUS_MOVE = YES;
				CLANG_WARN_UNGUARDED_AVAILABILITY = YES_AGGRESSIVE;
				CLANG_WARN_UNREACHABLE_CODE = YES;
				CLANG_WARN__DUPLICATE_METHOD_MATCH = YES;
				CODE_SIGN_IDENTITY = "Mac Developer";
				COPY_PHASE_STRIP = NO;
				DEBUG_INFORMATION_FORMAT = "dwarf-with-dsym";
				ENABLE_NS_ASSERTIONS = NO;
				ENABLE_STRICT_OBJC_MSGSEND = YES;
				GCC_C_LANGUAGE_STANDARD = gnu11;
				GCC_NO_COMMON_BLOCKS = YES;
				GCC_WARN_64_TO_32_BIT_CONVERSION = YES;
				GCC_WARN_ABOUT_RETURN_TYPE = YES_ERROR;
				GCC_WARN_UNDECLARED_SELECTOR = YES;
				GCC_WARN_UNINITIALIZED_AUTOS = YES_AGGRESSIVE;
				GCC_WARN_UNUSED_FUNCTION = YES;
				GCC_WARN_UNUSED_VARIABLE = YES;
				MACOSX_DEPLOYMENT_TARGET = 10.14;
				MTL_ENABLE_DEBUG_INFO = NO;
				MTL_FAST_MATH = YES;
				SDKROOT = macosx;
				SWIFT_COMPILATION_MODE = wholemodule;
				SWIFT_OPTIMIZATION_LEVEL = "-O";
			};
			name = Release;
		};
		5A25E45D22FCA4F800AD2CE8 /* Debug */ = {
			isa = XCBuildConfiguration;
			buildSettings = {
				ASSETCATALOG_COMPILER_APPICON_NAME = AppIcon;
				CODE_SIGN_ENTITLEMENTS = AnaFinder/AnaFinder.entitlements;
				CODE_SIGN_STYLE = Automatic;
				COMBINE_HIDPI_IMAGES = YES;
				DEVELOPMENT_TEAM = N935DW9NJX;
				INFOPLIST_FILE = AnaFinder/Info.plist;
				LD_RUNPATH_SEARCH_PATHS = (
					"$(inherited)",
					"@executable_path/../Frameworks",
				);
				PRODUCT_BUNDLE_IDENTIFIER = Albertsen.AnaFinder;
				PRODUCT_NAME = "$(TARGET_NAME)";
				SWIFT_VERSION = 5.0;
			};
			name = Debug;
		};
		5A25E45E22FCA4F800AD2CE8 /* Release */ = {
			isa = XCBuildConfiguration;
			buildSettings = {
				ASSETCATALOG_COMPILER_APPICON_NAME = AppIcon;
				CODE_SIGN_ENTITLEMENTS = AnaFinder/AnaFinder.entitlements;
				CODE_SIGN_STYLE = Automatic;
				COMBINE_HIDPI_IMAGES = YES;
				DEVELOPMENT_TEAM = N935DW9NJX;
				INFOPLIST_FILE = AnaFinder/Info.plist;
				LD_RUNPATH_SEARCH_PATHS = (
					"$(inherited)",
					"@executable_path/../Frameworks",
				);
				PRODUCT_BUNDLE_IDENTIFIER = Albertsen.AnaFinder;
				PRODUCT_NAME = "$(TARGET_NAME)";
				SWIFT_VERSION = 5.0;
			};
			name = Release;
		};
		5A25E46022FCA4F800AD2CE8 /* Debug */ = {
			isa = XCBuildConfiguration;
			buildSettings = {
				ALWAYS_EMBED_SWIFT_STANDARD_LIBRARIES = YES;
				BUNDLE_LOADER = "$(TEST_HOST)";
				CODE_SIGN_STYLE = Automatic;
				COMBINE_HIDPI_IMAGES = YES;
				DEVELOPMENT_TEAM = N935DW9NJX;
				INFOPLIST_FILE = AnaFinderTests/Info.plist;
				LD_RUNPATH_SEARCH_PATHS = (
					"$(inherited)",
					"@executable_path/../Frameworks",
					"@loader_path/../Frameworks",
				);
				PRODUCT_BUNDLE_IDENTIFIER = Albertsen.AnaFinderTests;
				PRODUCT_NAME = "$(TARGET_NAME)";
				SWIFT_VERSION = 5.0;
				TEST_HOST = "$(BUILT_PRODUCTS_DIR)/AnaFinder.app/Contents/MacOS/AnaFinder";
			};
			name = Debug;
		};
		5A25E46122FCA4F800AD2CE8 /* Release */ = {
			isa = XCBuildConfiguration;
			buildSettings = {
				ALWAYS_EMBED_SWIFT_STANDARD_LIBRARIES = YES;
				BUNDLE_LOADER = "$(TEST_HOST)";
				CODE_SIGN_STYLE = Automatic;
				COMBINE_HIDPI_IMAGES = YES;
				DEVELOPMENT_TEAM = N935DW9NJX;
				INFOPLIST_FILE = AnaFinderTests/Info.plist;
				LD_RUNPATH_SEARCH_PATHS = (
					"$(inherited)",
					"@executable_path/../Frameworks",
					"@loader_path/../Frameworks",
				);
				PRODUCT_BUNDLE_IDENTIFIER = Albertsen.AnaFinderTests;
				PRODUCT_NAME = "$(TARGET_NAME)";
				SWIFT_VERSION = 5.0;
				TEST_HOST = "$(BUILT_PRODUCTS_DIR)/AnaFinder.app/Contents/MacOS/AnaFinder";
			};
			name = Release;
		};
/* End XCBuildConfiguration section */

/* Begin XCConfigurationList section */
		5A25E43C22FCA4F600AD2CE8 /* Build configuration list for PBXProject "AnaFinder" */ = {
			isa = XCConfigurationList;
			buildConfigurations = (
				5A25E45A22FCA4F800AD2CE8 /* Debug */,
				5A25E45B22FCA4F800AD2CE8 /* Release */,
			);
			defaultConfigurationIsVisible = 0;
			defaultConfigurationName = Release;
		};
		5A25E45C22FCA4F800AD2CE8 /* Build configuration list for PBXNativeTarget "AnaFinder" */ = {
			isa = XCConfigurationList;
			buildConfigurations = (
				5A25E45D22FCA4F800AD2CE8 /* Debug */,
				5A25E45E22FCA4F800AD2CE8 /* Release */,
			);
			defaultConfigurationIsVisible = 0;
			defaultConfigurationName = Release;
		};
		5A25E45F22FCA4F800AD2CE8 /* Build configuration list for PBXNativeTarget "AnaFinderTests" */ = {
			isa = XCConfigurationList;
			buildConfigurations = (
				5A25E46022FCA4F800AD2CE8 /* Debug */,
				5A25E46122FCA4F800AD2CE8 /* Release */,
			);
			defaultConfigurationIsVisible = 0;
			defaultConfigurationName = Release;
		};
/* End XCConfigurationList section */
	};
	rootObject = 5A25E43922FCA4F600AD2CE8 /* Project object */;
}
